
Microsoft Visual Studio Solution File, Format Version 12.00
# Visual Studio Version 16
VisualStudioVersion = 16.0.29001.49
MinimumVisualStudioVersion = 10.0.40219.1
Project("{FAE04EC0-301F-11D3-BF4B-00C04F79EFBC}") = "LendingLibrary", "LendingLibrary\LendingLibrary.csproj", "{FD00FD56-444C-4A5E-ACD2-8920F7B02510}"
EndProject
Project("{FAE04EC0-301F-11D3-BF4B-00C04F79EFBC}") = "LibraryTests", "LibraryTests\LibraryTests.csproj", "{A57124FD-1730-46A4-A307-E52A8D819DE1}"
EndProject
Global
	GlobalSection(SolutionConfigurationPlatforms) = preSolution
		Debug|Any CPU = Debug|Any CPU
		Release|Any CPU = Release|Any CPU
	EndGlobalSection
	GlobalSection(ProjectConfigurationPlatforms) = postSolution
		{FD00FD56-444C-4A5E-ACD2-8920F7B02510}.Debug|Any CPU.ActiveCfg = Debug|Any CPU
		{FD00FD56-444C-4A5E-ACD2-8920F7B02510}.Debug|Any CPU.Build.0 = Debug|Any CPU
		{FD00FD56-444C-4A5E-ACD2-8920F7B02510}.Release|Any CPU.ActiveCfg = Release|Any CPU
		{FD00FD56-444C-4A5E-ACD2-8920F7B02510}.Release|Any CPU.Build.0 = Release|Any CPU
		{A57124FD-1730-46A4-A307-E52A8D819DE1}.Debug|Any CPU.ActiveCfg = Debug|Any CPU
		{A57124FD-1730-46A4-A307-E52A8D819DE1}.Debug|Any CPU.Build.0 = Debug|Any CPU
		{A57124FD-1730-46A4-A307-E52A8D819DE1}.Release|Any CPU.ActiveCfg = Release|Any CPU
		{A57124FD-1730-46A4-A307-E52A8D819DE1}.Release|Any CPU.Build.0 = Release|Any CPU
	EndGlobalSection
	GlobalSection(SolutionProperties) = preSolution
		HideSolutionNode = FALSE
	EndGlobalSection
	GlobalSection(ExtensibilityGlobals) = postSolution
		SolutionGuid = {AB262A4D-9A8C-4D8A-996D-E990B43DF60D}
	EndGlobalSection
EndGlobal
